{
  "object": {
    "pins": [
      {
        "package": "codable-kit",
        "repositoryURL": "https://github.com/vapor/codable-kit.git",
        "state": {
          "branch": "master",
          "revision": "43eeae0a0b53c0b527363ce282a4255d4d90a68f",
          "version": null
        }
      }
    ]
  },
  "version": 1
}
